
Microsoft Visual Studio Solution File, Format Version 12.00
# Visual Studio Version 17
VisualStudioVersion = 17.6.33815.320
MinimumVisualStudioVersion = 10.0.40219.1
Project("{FAE04EC0-301F-11D3-BF4B-00C04F79EFBC}") = "NavegadorWeb", "NavegadorWeb\NavegadorWeb.csproj", "{1F76F47F-FD0E-47D2-B51D-F64955FF3567}"
EndProject
Global
	GlobalSection(SolutionConfigurationPlatforms) = preSolution
		Debug|Any CPU = Debug|Any CPU
		Release|Any CPU = Release|Any CPU
	EndGlobalSection
	GlobalSection(ProjectConfigurationPlatforms) = postSolution
		{1F76F47F-FD0E-47D2-B51D-F64955FF3567}.Debug|Any CPU.ActiveCfg = Debug|Any CPU
		{1F76F47F-FD0E-47D2-B51D-F64955FF3567}.Debug|Any CPU.Build.0 = Debug|Any CPU
		{1F76F47F-FD0E-47D2-B51D-F64955FF3567}.Release|Any CPU.ActiveCfg = Release|Any CPU
		{1F76F47F-FD0E-47D2-B51D-F64955FF3567}.Release|Any CPU.Build.0 = Release|Any CPU
	EndGlobalSection
	GlobalSection(SolutionProperties) = preSolution
		HideSolutionNode = FALSE
	EndGlobalSection
	GlobalSection(ExtensibilityGlobals) = postSolution
		SolutionGuid = {6779B394-67F6-44D0-AC87-23CE9F480C1B}
	EndGlobalSection
EndGlobal
